{
  "originHash" : "1902759cb7e30c52a7f79c075e8a74dfb16d72dac360602474a2ef5440032927",
  "pins" : [
    {
      "identity" : "runestone",
      "kind" : "remoteSourceControl",
      "location" : "https://github.com/simonbs/Runestone.git",
      "state" : {
        "revision" : "1fad339aab99cf2136ce6bf8c32da3265b2e85e5",
        "version" : "0.5.1"
      }
    },
    {
      "identity" : "tree-sitter",
      "kind" : "remoteSourceControl",
      "location" : "https://github.com/tree-sitter/tree-sitter",
      "state" : {
        "revision" : "98be227227af10cc7a269cb3ffb23686c0610b17",
        "version" : "0.20.9"
      }
    },
    {
      "identity" : "tree-sitter-c",
      "kind" : "remoteSourceControl",
      "location" : "https://github.com/tree-sitter/tree-sitter-c.git",
      "state" : {
        "revision" : "2a265d69a4caf57108a73ad2ed1e6922dd2f998c",
        "version" : "0.23.5"
      }
    },
    {
      "identity" : "tree-sitter-objc",
      "kind" : "remoteSourceControl",
      "location" : "https://github.com/tree-sitter-grammars/tree-sitter-objc.git",
      "state" : {
        "branch" : "master",
        "revision" : "181a81b8f23a2d593e7ab4259981f50122909fda"
      }
    },
    {
      "identity" : "tree-sitter-xml",
      "kind" : "remoteSourceControl",
      "location" : "https://github.com/tree-sitter-grammars/tree-sitter-xml.git",
      "state" : {
        "branch" : "master",
        "revision" : "0d9a8099c963ed53e183425c1b47fa2622c8eaf7"
      }
    },
    {
      "identity" : "zipfoundation",
      "kind" : "remoteSourceControl",
      "location" : "https://github.com/weichsel/ZIPFoundation",
      "state" : {
        "revision" : "02b6abe5f6eef7e3cbd5f247c5cc24e246efcfe0",
        "version" : "0.9.19"
      }
    }
  ],
  "version" : 3
}
